
Microsoft Visual Studio Solution File, Format Version 12.00
# Visual Studio 15
VisualStudioVersion = 15.0.28307.271
MinimumVisualStudioVersion = 10.0.40219.1
Project("{9A19103F-16F7-4668-BE54-9A1E7A4F7556}") = "PartagesWeb.APIUnitTests", "PartagesWeb.APIUnitTests.csproj", "{17522FB1-74DA-4BB8-B692-5179182FE2E4}"
EndProject
Global
	GlobalSection(SolutionConfigurationPlatforms) = preSolution
		Debug|Any CPU = Debug|Any CPU
		Release|Any CPU = Release|Any CPU
	EndGlobalSection
	GlobalSection(ProjectConfigurationPlatforms) = postSolution
		{17522FB1-74DA-4BB8-B692-5179182FE2E4}.Debug|Any CPU.ActiveCfg = Debug|Any CPU
		{17522FB1-74DA-4BB8-B692-5179182FE2E4}.Debug|Any CPU.Build.0 = Debug|Any CPU
		{17522FB1-74DA-4BB8-B692-5179182FE2E4}.Release|Any CPU.ActiveCfg = Release|Any CPU
		{17522FB1-74DA-4BB8-B692-5179182FE2E4}.Release|Any CPU.Build.0 = Release|Any CPU
	EndGlobalSection
	GlobalSection(SolutionProperties) = preSolution
		HideSolutionNode = FALSE
	EndGlobalSection
	GlobalSection(ExtensibilityGlobals) = postSolution
		SolutionGuid = {72E78702-26CA-4E32-BF7B-BF9E7B2CA344}
	EndGlobalSection
EndGlobal
